
Microsoft Visual Studio Solution File, Format Version 12.00
# Visual Studio Version 16
VisualStudioVersion = 16.0.30330.147
MinimumVisualStudioVersion = 10.0.40219.1
Project("{FAE04EC0-301F-11D3-BF4B-00C04F79EFBC}") = "GitTestVS2019", "GitTestVS2019\GitTestVS2019.csproj", "{0536633E-5B83-4E3A-9DA3-AE2C7EAEA19B}"
EndProject
Global
	GlobalSection(SolutionConfigurationPlatforms) = preSolution
		Debug|Any CPU = Debug|Any CPU
		Release|Any CPU = Release|Any CPU
	EndGlobalSection
	GlobalSection(ProjectConfigurationPlatforms) = postSolution
		{0536633E-5B83-4E3A-9DA3-AE2C7EAEA19B}.Debug|Any CPU.ActiveCfg = Debug|Any CPU
		{0536633E-5B83-4E3A-9DA3-AE2C7EAEA19B}.Debug|Any CPU.Build.0 = Debug|Any CPU
		{0536633E-5B83-4E3A-9DA3-AE2C7EAEA19B}.Release|Any CPU.ActiveCfg = Release|Any CPU
		{0536633E-5B83-4E3A-9DA3-AE2C7EAEA19B}.Release|Any CPU.Build.0 = Release|Any CPU
	EndGlobalSection
	GlobalSection(SolutionProperties) = preSolution
		HideSolutionNode = FALSE
	EndGlobalSection
	GlobalSection(ExtensibilityGlobals) = postSolution
		SolutionGuid = {E16B313C-72E2-432F-ACB4-4A1AB7E69534}
	EndGlobalSection
EndGlobal
